****************************************************
* Program name : CLEAR.OCR.LOCK
* Author       : Nicole Hennick
* Date written : October 21, 2019
* Library      : FBBP
* COPYRIGHT (C) 2016 - AFS LOGISTICS LLC - ALL RIGHTS RESERVED.
*
* Clear hung OCR Locks
*
* Last updated by afs (AFSLOGISTICS\nmeddaugh) at 08:41:40 on 10/21/2019.
*
* Start modification history    
* 10/21/19 : NKH00 : New program
* End modification history
*
*******************************************************
*
      * Open Files
      OPEN '','OCR.LOCK' TO OCR.LOCK ELSE 
         CALL OPEN.ABORT('OCR.LOCK','CLEAR.OCR.LOCK') 
      END                                           

*******************************************************
MAIN.PROCESS:
*******************************************************
      GOSUB BUILD.LISTU.ARRAY

      CMD = 'SSELECT OCR.LOCK'
      EXECUTE CMD
      EOF=0
      LOOP
         READNEXT ID ELSE EOF = 1
      UNTIL EOF
         READ OCR.LOCK.REC FROM OCR.LOCK, ID THEN            
            USER = OCR.LOCK.REC<1>[1,7] 
            PORT = OCR.LOCK.REC<2>'R0' 
            LOCATE(PORT,ISON,2;PPOS) THEN
               IF USER = ISON<1,PPOS> THEN
                  * User and port are on the system                                      
               END ELSE
                  * Port is not logged on 
                  DELETE OCR.LOCK,ID
               END
            END ELSE
               * User is not on the system
               DELETE OCR.LOCK,ID
            END                 
         END
      REPEAT
      
      GOTO END.PROGRAM

*******************************************************
BUILD.LISTU.ARRAY:
*******************************************************
      EXECUTE "LISTU NOPAGE" CAPTURING OUTPUT
      LISTU.OUTPUT=CHANGE(OUTPUT,@AM,@VM)
      TIMES=DCOUNT(OUTPUT,@AM)
      USERS=0
      ISON=''
      FOR X = 5 TO TIMES-3
         LINE=OUTPUT<X>
         SHV.POS=INDEX(LINE,'AFSLOGISTICS',1)
         NAME.POS=SHV.POS+13
         NAME.LENGTH=9
         IF SHV.POS=0 THEN
            NAME.POS=23
            NAME.LENGTH=20
         END
         NAME=TRIM(LINE[NAME.POS,NAME.LENGTH])
         IF INDEX(NAME,'\',1) THEN
            NAME=FIELD(NAME,'\',2)
         END
         IF NAME#'system' AND NAME#'SYSTEM' THEN
            PORT=TRIM(LINE[16,5])
            ISON<1,-1>:=OCONV(NAME,'MCU')
            ISON<2,-1>:=PORT
         END
      NEXT X

      RETURN

*******************************************************
END.PROGRAM:
*******************************************************
   END
 
