***********************************************************************
* Program name : REMOVE.OCR.LOCK
* Author       : Greg Bino
* Date written : 09-19-2019
* Library      : FBBP
* COPYRIGHT (C) 2019 - AFS LOGISTICS LLC - ALL RIGHTS RESERVED.
*
* REMOVE CLIENT OCR ENTRY LOCK
*
* Last updated by afs (AFSLOGISTICS\gbino) at 10:29:12 on 05/20/2020.
*
* Start modification history
* Mod 00 01-10-19, grb, 21092.0000  New program
* 052020 GRB01 ACCU877 Remove permissions
* End modification history
*
************************************************************************
*
* Initialize variables
*
$INCLUDE PROG.ADMIN INC_OPTIONS
$INCLUDE UNIVERSE.INCLUDE UDO.H

      STATUS = 0
      CALL GET.USER.NEW(USER,CH.NUM)

      PROMPT ''
      PROG.NAME='REMOVE.OCR.LOCK'

      UPL.VIN = 'FBBP' ; UPL.VIN<2> = 'REMOVE.OCR.LOCK' ; UPL.VOUT = ''
      UPL.VIN<3> = USER
      UPL.VIN<4> = CH.NUM

      CALL UPD.PROGRAM.LOG(UPL.VIN,UPL.VOUT)
      OPEN 'OCR.LOCK' TO F.LOCK ELSE
         CALL ELINE('UNABLE TO OPEN OCR.LOCK FILE')
         RETURN
      END
      OPEN '','OPERATOR' TO F.OP ELSE
         CALL OPEN.ABORT("OPERATOR",PROG.NAME)
      END

      READV OP.FLG FROM F.OP,USER,71 ELSE
         OP.FLG = "N"
      END
      OP.FLG = "Y"                       ; * GRB01
      IF OP.FLG = "Y" THEN

      END ELSE
         CALL FB.PRINT.CENT(1,80,12,'! Restricted Access Application !')
         CALL FB.PRINT.CENT(1,80,14,'Access Denied')
         CALL ELINE('')
         GOTO THE.END
      END
      EOJ=0
      LOOP
      UNTIL EOJ DO
         CRT @(-1)
         CRT @(5,2):"OCR Client/Batch Lock Clear"
         CRT@(10,10):"Enter Client/Batch or (E)nd ": ; INPUT CLIENT
         CLIENT = OCONV(CLIENT,"MCU")
         IF CLIENT[1,1] = "E" OR CLIENT[1,1] = "e" THEN
            EOJ=1
            CONTINUE
         END
         RESP.CNT=1
         RESP = ''
         VOUT=''
         IF NUM(CLIENT[1,1]) THEN
            CLIENT.ID = CLIENT"R%5"
         END ELSE
            CLIENT.ID = CLIENT
         END
         READU LOCK.REC FROM F.LOCK,CLIENT.ID THEN
****            EXECUTE "LOGOFF ":LOCK.REC<2>
            DELETE F.LOCK,CLIENT.ID
            RELEASE F.LOCK,CLIENT.ID
            CALL ELINE('Lock cleared for ':CLIENT.ID)
         END ELSE
            CALL ELINE('No Lock Found ')
         END
      REPEAT

THE.END:* THE END
      STOP
      RETURN

   END
